
Microsoft Visual Studio Solution File, Format Version 12.00
Project("{FAE04EC0-301F-11D3-BF4B-00C04F79EFBC}") = "MethodOverloadingDemoCSharp-51", "MethodOverloadingDemoCSharp-51\MethodOverloadingDemoCSharp-51.csproj", "{5459ECBD-6692-4891-B102-C0CEE28EF645}"
EndProject
Global
	GlobalSection(SolutionConfigurationPlatforms) = preSolution
		Debug|Any CPU = Debug|Any CPU
		Release|Any CPU = Release|Any CPU
	EndGlobalSection
	GlobalSection(ProjectConfigurationPlatforms) = postSolution
		{5459ECBD-6692-4891-B102-C0CEE28EF645}.Debug|Any CPU.ActiveCfg = Debug|Any CPU
		{5459ECBD-6692-4891-B102-C0CEE28EF645}.Debug|Any CPU.Build.0 = Debug|Any CPU
		{5459ECBD-6692-4891-B102-C0CEE28EF645}.Release|Any CPU.ActiveCfg = Release|Any CPU
		{5459ECBD-6692-4891-B102-C0CEE28EF645}.Release|Any CPU.Build.0 = Release|Any CPU
	EndGlobalSection
EndGlobal
